
Microsoft Visual Studio Solution File, Format Version 12.00
# Visual Studio 15
VisualStudioVersion = 15.0.28307.1738
MinimumVisualStudioVersion = 10.0.40219.1
Project("{FAE04EC0-301F-11D3-BF4B-00C04F79EFBC}") = "Kamp_1", "Kamp_1\Kamp_1.csproj", "{1F76964E-B546-48A3-85B0-CED51EF531EA}"
EndProject
Global
	GlobalSection(SolutionConfigurationPlatforms) = preSolution
		Debug|Any CPU = Debug|Any CPU
		Release|Any CPU = Release|Any CPU
	EndGlobalSection
	GlobalSection(ProjectConfigurationPlatforms) = postSolution
		{1F76964E-B546-48A3-85B0-CED51EF531EA}.Debug|Any CPU.ActiveCfg = Debug|Any CPU
		{1F76964E-B546-48A3-85B0-CED51EF531EA}.Debug|Any CPU.Build.0 = Debug|Any CPU
		{1F76964E-B546-48A3-85B0-CED51EF531EA}.Release|Any CPU.ActiveCfg = Release|Any CPU
		{1F76964E-B546-48A3-85B0-CED51EF531EA}.Release|Any CPU.Build.0 = Release|Any CPU
	EndGlobalSection
	GlobalSection(SolutionProperties) = preSolution
		HideSolutionNode = FALSE
	EndGlobalSection
	GlobalSection(ExtensibilityGlobals) = postSolution
		SolutionGuid = {490D48C2-E8CB-46A5-8F88-D7FB0931E641}
	EndGlobalSection
EndGlobal
